
Microsoft Visual Studio Solution File, Format Version 12.00
# Visual Studio 15
VisualStudioVersion = 15.0.28010.2046
MinimumVisualStudioVersion = 10.0.40219.1
Project("{FAE04EC0-301F-11D3-BF4B-00C04F79EFBC}") = "CodingPractices", "CodingPractices\CodingPractices.csproj", "{2CD544DB-4155-4281-86C2-DC3235311F30}"
EndProject
Project("{FAE04EC0-301F-11D3-BF4B-00C04F79EFBC}") = "CodingPractices.Test", "CodingPractices.Test\CodingPractices.Test.csproj", "{254605ED-B2B4-4A0A-8A70-D4EBFFD93528}"
EndProject
Global
	GlobalSection(SolutionConfigurationPlatforms) = preSolution
		Debug|Any CPU = Debug|Any CPU
		Release|Any CPU = Release|Any CPU
	EndGlobalSection
	GlobalSection(ProjectConfigurationPlatforms) = postSolution
		{2CD544DB-4155-4281-86C2-DC3235311F30}.Debug|Any CPU.ActiveCfg = Debug|Any CPU
		{2CD544DB-4155-4281-86C2-DC3235311F30}.Debug|Any CPU.Build.0 = Debug|Any CPU
		{2CD544DB-4155-4281-86C2-DC3235311F30}.Release|Any CPU.ActiveCfg = Release|Any CPU
		{2CD544DB-4155-4281-86C2-DC3235311F30}.Release|Any CPU.Build.0 = Release|Any CPU
		{254605ED-B2B4-4A0A-8A70-D4EBFFD93528}.Debug|Any CPU.ActiveCfg = Debug|Any CPU
		{254605ED-B2B4-4A0A-8A70-D4EBFFD93528}.Debug|Any CPU.Build.0 = Debug|Any CPU
		{254605ED-B2B4-4A0A-8A70-D4EBFFD93528}.Release|Any CPU.ActiveCfg = Release|Any CPU
		{254605ED-B2B4-4A0A-8A70-D4EBFFD93528}.Release|Any CPU.Build.0 = Release|Any CPU
	EndGlobalSection
	GlobalSection(SolutionProperties) = preSolution
		HideSolutionNode = FALSE
	EndGlobalSection
	GlobalSection(ExtensibilityGlobals) = postSolution
		SolutionGuid = {363EF265-8179-4C13-911D-AD987DA2196C}
	EndGlobalSection
EndGlobal
